
Microsoft Visual Studio Solution File, Format Version 12.00
# Visual Studio Version 17
VisualStudioVersion = 17.9.34607.119
MinimumVisualStudioVersion = 10.0.40219.1
Project("{8BC9CEB8-8B4A-11D0-8D11-00A0C91BC942}") = "Memberinitlist_0189", "Memberinitlist_0189.vcxproj", "{CB17A2D0-7927-47FC-BD9F-798DBD22B69A}"
EndProject
Global
	GlobalSection(SolutionConfigurationPlatforms) = preSolution
		Debug|x64 = Debug|x64
		Debug|x86 = Debug|x86
		Release|x64 = Release|x64
		Release|x86 = Release|x86
	EndGlobalSection
	GlobalSection(ProjectConfigurationPlatforms) = postSolution
		{CB17A2D0-7927-47FC-BD9F-798DBD22B69A}.Debug|x64.ActiveCfg = Debug|x64
		{CB17A2D0-7927-47FC-BD9F-798DBD22B69A}.Debug|x64.Build.0 = Debug|x64
		{CB17A2D0-7927-47FC-BD9F-798DBD22B69A}.Debug|x86.ActiveCfg = Debug|Win32
		{CB17A2D0-7927-47FC-BD9F-798DBD22B69A}.Debug|x86.Build.0 = Debug|Win32
		{CB17A2D0-7927-47FC-BD9F-798DBD22B69A}.Release|x64.ActiveCfg = Release|x64
		{CB17A2D0-7927-47FC-BD9F-798DBD22B69A}.Release|x64.Build.0 = Release|x64
		{CB17A2D0-7927-47FC-BD9F-798DBD22B69A}.Release|x86.ActiveCfg = Release|Win32
		{CB17A2D0-7927-47FC-BD9F-798DBD22B69A}.Release|x86.Build.0 = Release|Win32
	EndGlobalSection
	GlobalSection(SolutionProperties) = preSolution
		HideSolutionNode = FALSE
	EndGlobalSection
	GlobalSection(ExtensibilityGlobals) = postSolution
		SolutionGuid = {78FEB7C5-E5D0-4D26-BAF7-D00024FCA01B}
	EndGlobalSection
EndGlobal
